
Microsoft Visual Studio Solution File, Format Version 12.00
# Visual Studio Version 17
VisualStudioVersion = 17.4.33110.190
MinimumVisualStudioVersion = 10.0.40219.1
Project("{FAE04EC0-301F-11D3-BF4B-00C04F79EFBC}") = "ReceitasAPI", "ReceitasAPI\ReceitasAPI.csproj", "{CCADE32E-331C-4A42-9AC0-08947AF75BF6}"
EndProject
Project("{E53339B2-1760-4266-BCC7-CA923CBCF16C}") = "docker-compose", "docker-compose.dcproj", "{1EF7CFD6-B1AB-4BE1-AF51-1C644D1E9F8B}"
EndProject
Global
	GlobalSection(SolutionConfigurationPlatforms) = preSolution
		Debug|Any CPU = Debug|Any CPU
		Release|Any CPU = Release|Any CPU
	EndGlobalSection
	GlobalSection(ProjectConfigurationPlatforms) = postSolution
		{CCADE32E-331C-4A42-9AC0-08947AF75BF6}.Debug|Any CPU.ActiveCfg = Debug|Any CPU
		{CCADE32E-331C-4A42-9AC0-08947AF75BF6}.Debug|Any CPU.Build.0 = Debug|Any CPU
		{CCADE32E-331C-4A42-9AC0-08947AF75BF6}.Release|Any CPU.ActiveCfg = Release|Any CPU
		{CCADE32E-331C-4A42-9AC0-08947AF75BF6}.Release|Any CPU.Build.0 = Release|Any CPU
		{1EF7CFD6-B1AB-4BE1-AF51-1C644D1E9F8B}.Debug|Any CPU.ActiveCfg = Debug|Any CPU
		{1EF7CFD6-B1AB-4BE1-AF51-1C644D1E9F8B}.Debug|Any CPU.Build.0 = Debug|Any CPU
		{1EF7CFD6-B1AB-4BE1-AF51-1C644D1E9F8B}.Release|Any CPU.ActiveCfg = Release|Any CPU
		{1EF7CFD6-B1AB-4BE1-AF51-1C644D1E9F8B}.Release|Any CPU.Build.0 = Release|Any CPU
	EndGlobalSection
	GlobalSection(SolutionProperties) = preSolution
		HideSolutionNode = FALSE
	EndGlobalSection
	GlobalSection(ExtensibilityGlobals) = postSolution
		SolutionGuid = {B286AF66-39C1-49FD-820B-0177EB528511}
	EndGlobalSection
EndGlobal
